
Microsoft Visual Studio Solution File, Format Version 12.00
# Visual Studio Version 16
VisualStudioVersion = 16.0.808.4
MinimumVisualStudioVersion = 10.0.40219.1
Project("{FAE04EC0-301F-11D3-BF4B-00C04F79EFBC}") = "test-sdk", "test-sdk\test-sdk.csproj", "{A54352A6-E0EF-40D1-95B2-5CB57608062E}"
EndProject
Project("{E53339B2-1760-4266-BCC7-CA923CBCF16C}") = "docker-compose", "docker-compose.dcproj", "{D56DF9C5-C6D0-4A62-A422-70BC2694E303}"
EndProject
Global
	GlobalSection(SolutionConfigurationPlatforms) = preSolution
		Debug|Any CPU = Debug|Any CPU
		Release|Any CPU = Release|Any CPU
	EndGlobalSection
	GlobalSection(ProjectConfigurationPlatforms) = postSolution
		{A54352A6-E0EF-40D1-95B2-5CB57608062E}.Debug|Any CPU.ActiveCfg = Debug|Any CPU
		{A54352A6-E0EF-40D1-95B2-5CB57608062E}.Debug|Any CPU.Build.0 = Debug|Any CPU
		{A54352A6-E0EF-40D1-95B2-5CB57608062E}.Release|Any CPU.ActiveCfg = Release|Any CPU
		{A54352A6-E0EF-40D1-95B2-5CB57608062E}.Release|Any CPU.Build.0 = Release|Any CPU
		{D56DF9C5-C6D0-4A62-A422-70BC2694E303}.Debug|Any CPU.ActiveCfg = Debug|Any CPU
		{D56DF9C5-C6D0-4A62-A422-70BC2694E303}.Debug|Any CPU.Build.0 = Debug|Any CPU
		{D56DF9C5-C6D0-4A62-A422-70BC2694E303}.Release|Any CPU.ActiveCfg = Release|Any CPU
		{D56DF9C5-C6D0-4A62-A422-70BC2694E303}.Release|Any CPU.Build.0 = Release|Any CPU
	EndGlobalSection
	GlobalSection(SolutionProperties) = preSolution
		HideSolutionNode = FALSE
	EndGlobalSection
	GlobalSection(ExtensibilityGlobals) = postSolution
		SolutionGuid = {99C763EE-5E8A-470C-9AE1-85CE7DDB187B}
	EndGlobalSection
EndGlobal
